<?xml version="1.0" encoding="UTF-8" standalone="yes" ?>
<CodeBlocks_project_file>
	<FileVersion major="1" minor="6" />
	<Project>
		<Option title="Restaurante" />
		<Option pch_mode="2" />
		<Option compiler="gcc" />
		<Build>
			<Target title="Debug">
				<Option output="bin/Debug/Restaurante" prefix_auto="1" extension_auto="1" />
				<Option object_output="obj/Debug/" />
				<Option type="1" />
				<Option compiler="gcc" />
				<Compiler>
					<Add option="-g" />
				</Compiler>
			</Target>
			<Target title="Release">
				<Option output="bin/Release/Restaurante" prefix_auto="1" extension_auto="1" />
				<Option object_output="obj/Release/" />
				<Option type="1" />
				<Option compiler="gcc" />
				<Compiler>
					<Add option="-O2" />
				</Compiler>
				<Linker>
					<Add option="-s" />
				</Linker>
			</Target>
		</Build>
		<Compiler>
			<Add option="-Wall" />
		</Compiler>
		<Unit filename="archivo.cpp" />
		<Unit filename="archivo.h" />
		<Unit filename="archivoMesa.cpp" />
		<Unit filename="archivoMesa.h" />
		<Unit filename="archivoMozo.cpp" />
		<Unit filename="archivoMozo.h" />
		<Unit filename="archivoServicio.cpp" />
		<Unit filename="archivoServicio.h" />
		<Unit filename="arrutil.cpp" />
		<Unit filename="arrutil.h" />
		<Unit filename="fecha.cpp" />
		<Unit filename="fecha.h" />
		<Unit filename="main.cpp" />
		<Unit filename="menu.cpp" />
		<Unit filename="menu.h" />
		<Unit filename="mesa.cpp" />
		<Unit filename="mesa.h" />
		<Unit filename="mozo.cpp" />
		<Unit filename="mozo.h" />
		<Unit filename="randutil.cpp" />
		<Unit filename="randutil.h" />
		<Unit filename="rlutil.h" />
		<Unit filename="servicio.cpp" />
		<Unit filename="servicio.h" />
		<Extensions>
			<lib_finder disable_auto="1" />
		</Extensions>
	</Project>
</CodeBlocks_project_file>
